PODS:
  - InAppSettingsKit (2.7.1)
  - Masonry (1.0.1)
  - MJExtension (3.0.13)
  - MJRefresh (3.1.12)
  - Reveal-iOS-SDK (1.6.2)
  - SDWebImage (3.8.1):
    - SDWebImage/Core (= 3.8.1)
  - SDWebImage/Core (3.8.1)
  - UITableView+FDTemplateLayoutCell (1.4)
  - YYKit (1.0.7):
    - YYKit/no-arc (= 1.0.7)
  - YYKit/no-arc (1.0.7)

DEPENDENCIES:
  - InAppSettingsKit
  - Masonry
  - MJExtension
  - MJRefresh
  - Reveal-iOS-SDK
  - SDWebImage
  - UITableView+FDTemplateLayoutCell
  - YYKit

SPEC CHECKSUMS:
  InAppSettingsKit: 2b9fcdb82cdff2f99c51cae544e9f4df0df7afbf
  Masonry: a1a931a0d08870ed8ae415a2ea5ea68ebcac77df
  MJExtension: 5932755f451458eefa24239358817f8d291240c7
  MJRefresh: b96cdb21c4aa75a7b07654311ab2f315c497e806
  Reveal-iOS-SDK: e2250b3c155bcfac53ae223ddc1f76d08f206c33
  SDWebImage: 35f9627a3e44b4f292a8a8ce6a531fa488239b91
  UITableView+FDTemplateLayoutCell: 234e1582bcc4e18461af91155123bb96538ed030
  YYKit: 843d1b26e20b82c695790c9a89907eaa1e99907f

PODFILE CHECKSUM: 128b5d358db24dad618f535c7b30fa37c11b0d60

COCOAPODS: 1.0.1
